
Microsoft Visual Studio Solution File, Format Version 12.00
# Visual Studio 2017
Project("{FAE04EC0-301F-11D3-BF4B-00C04F79EFBC}") = "AngryRou", "AngryRou.csproj", "{AF4C1B32-FA13-5A5B-9BC7-99A157C69D27}"
EndProject
Global
	GlobalSection(SolutionConfigurationPlatforms) = preSolution
		Debug|Any CPU = Debug|Any CPU
		Release|Any CPU = Release|Any CPU
	EndGlobalSection
	GlobalSection(ProjectConfigurationPlatforms) = postSolution
		{AF4C1B32-FA13-5A5B-9BC7-99A157C69D27}.Debug|Any CPU.ActiveCfg = Debug|Any CPU
		{AF4C1B32-FA13-5A5B-9BC7-99A157C69D27}.Debug|Any CPU.Build.0 = Debug|Any CPU
		{AF4C1B32-FA13-5A5B-9BC7-99A157C69D27}.Release|Any CPU.ActiveCfg = Release|Any CPU
		{AF4C1B32-FA13-5A5B-9BC7-99A157C69D27}.Release|Any CPU.Build.0 = Release|Any CPU
	EndGlobalSection
	GlobalSection(SolutionProperties) = preSolution
		HideSolutionNode = FALSE
	EndGlobalSection
EndGlobal
